{
  "name": "workspace",
  "lockfileVersion": 3,
  "requires": true,
  "packages": {
    "": {
      "dependencies": {
        "hermes-parser": "^0.37.0"
      },
      "devDependencies": {
        "hermes-engine": "^0.11.0"
      }
    },
    "node_modules/hermes-engine": {
      "version": "0.11.0",
      "resolved": "https://registry.npmjs.org/hermes-engine/-/hermes-engine-0.11.0.tgz",
      "integrity": "sha512-7aMUlZja2IyLYAcZ69NBnwJAR5ZOYlSllj0oMpx08a8HzxHOys0eKCzfphrf6D0vX1JGO1QQvVsQKe6TkYherw==",
      "deprecated": "Package no longer supported. Contact Support at https://www.npmjs.com/support for more info.",
      "dev": true,
      "license": "MIT"
    },
    "node_modules/hermes-estree": {
      "version": "0.37.0",
      "resolved": "https://registry.npmjs.org/hermes-estree/-/hermes-estree-0.37.0.tgz",
      "integrity": "sha512-Frp4+A518C4zZgB2+Qo1srlM3y6nbrFbNNzBF3g7tEuQXHXTb2h39V25JQLNHotxclkD+AZTN/JCCpiTFlhIGg==",
      "license": "MIT"
    },
    "node_modules/hermes-parser": {
      "version": "0.37.0",
      "resolved": "https://registry.npmjs.org/hermes-parser/-/hermes-parser-0.37.0.tgz",
      "integrity": "sha512-8PuWcyaF6VHQHL2dbU+QEIkbtHYQrTX/6+ep4VcBLJ3f/ehevowr5Zj8LQfYXQQGFG2O+df7hIMtt4PkkhfK3Q==",
      "license": "MIT",
      "dependencies": {
        "hermes-estree": "0.37.0"
      }
    }
  }
}
